
Microsoft Visual Studio Solution File, Format Version 12.00
# Visual Studio Version 17
VisualStudioVersion = 17.0.31903.59
MinimumVisualStudioVersion = 10.0.40219.1
Project("{2150E333-8FDC-42A3-9474-1A3956D46DE8}") = "src", "src", "{827E0CD3-B72D-47B6-A68D-7590B98EB39B}"
EndProject
Project("{FAE04EC0-301F-11D3-BF4B-00C04F79EFBC}") = "LinkedList.Polynomial.Core", "src\LinkedList.Polynomial.Core\LinkedList.Polynomial.Core.csproj", "{7DCDB095-EE86-4C57-A738-DD00D0CFB64E}"
EndProject
Project("{FAE04EC0-301F-11D3-BF4B-00C04F79EFBC}") = "LinkedList.Polynomial.App", "src\LinkedList.Polynomial.App\LinkedList.Polynomial.App.csproj", "{77A950E6-9640-4A97-9183-BAD931062E0E}"
EndProject
Project("{FAE04EC0-301F-11D3-BF4B-00C04F79EFBC}") = "LinkedList.Polynomial.Tests", "tests\LinkedList.Polynomial.Tests\LinkedList.Polynomial.Tests.csproj", "{518DD445-F797-49EA-984E-9825C41E0959}"
EndProject
Global
	GlobalSection(SolutionConfigurationPlatforms) = preSolution
		Debug|Any CPU = Debug|Any CPU
		Debug|x64 = Debug|x64
		Debug|x86 = Debug|x86
		Release|Any CPU = Release|Any CPU
		Release|x64 = Release|x64
		Release|x86 = Release|x86
	EndGlobalSection
	GlobalSection(ProjectConfigurationPlatforms) = postSolution
		{7DCDB095-EE86-4C57-A738-DD00D0CFB64E}.Debug|Any CPU.ActiveCfg = Debug|Any CPU
		{7DCDB095-EE86-4C57-A738-DD00D0CFB64E}.Debug|Any CPU.Build.0 = Debug|Any CPU
		{7DCDB095-EE86-4C57-A738-DD00D0CFB64E}.Debug|x64.ActiveCfg = Debug|Any CPU
		{7DCDB095-EE86-4C57-A738-DD00D0CFB64E}.Debug|x64.Build.0 = Debug|Any CPU
		{7DCDB095-EE86-4C57-A738-DD00D0CFB64E}.Debug|x86.ActiveCfg = Debug|Any CPU
		{7DCDB095-EE86-4C57-A738-DD00D0CFB64E}.Debug|x86.Build.0 = Debug|Any CPU
		{7DCDB095-EE86-4C57-A738-DD00D0CFB64E}.Release|Any CPU.ActiveCfg = Release|Any CPU
		{7DCDB095-EE86-4C57-A738-DD00D0CFB64E}.Release|Any CPU.Build.0 = Release|Any CPU
		{7DCDB095-EE86-4C57-A738-DD00D0CFB64E}.Release|x64.ActiveCfg = Release|Any CPU
		{7DCDB095-EE86-4C57-A738-DD00D0CFB64E}.Release|x64.Build.0 = Release|Any CPU
		{7DCDB095-EE86-4C57-A738-DD00D0CFB64E}.Release|x86.ActiveCfg = Release|Any CPU
		{7DCDB095-EE86-4C57-A738-DD00D0CFB64E}.Release|x86.Build.0 = Release|Any CPU
		{77A950E6-9640-4A97-9183-BAD931062E0E}.Debug|Any CPU.ActiveCfg = Debug|Any CPU
		{77A950E6-9640-4A97-9183-BAD931062E0E}.Debug|Any CPU.Build.0 = Debug|Any CPU
		{77A950E6-9640-4A97-9183-BAD931062E0E}.Debug|x64.ActiveCfg = Debug|Any CPU
		{77A950E6-9640-4A97-9183-BAD931062E0E}.Debug|x64.Build.0 = Debug|Any CPU
		{77A950E6-9640-4A97-9183-BAD931062E0E}.Debug|x86.ActiveCfg = Debug|Any CPU
		{77A950E6-9640-4A97-9183-BAD931062E0E}.Debug|x86.Build.0 = Debug|Any CPU
		{77A950E6-9640-4A97-9183-BAD931062E0E}.Release|Any CPU.ActiveCfg = Release|Any CPU
		{77A950E6-9640-4A97-9183-BAD931062E0E}.Release|Any CPU.Build.0 = Release|Any CPU
		{77A950E6-9640-4A97-9183-BAD931062E0E}.Release|x64.ActiveCfg = Release|Any CPU
		{77A950E6-9640-4A97-9183-BAD931062E0E}.Release|x64.Build.0 = Release|Any CPU
		{77A950E6-9640-4A97-9183-BAD931062E0E}.Release|x86.ActiveCfg = Release|Any CPU
		{77A950E6-9640-4A97-9183-BAD931062E0E}.Release|x86.Build.0 = Release|Any CPU
		{518DD445-F797-49EA-984E-9825C41E0959}.Debug|Any CPU.ActiveCfg = Debug|Any CPU
		{518DD445-F797-49EA-984E-9825C41E0959}.Debug|Any CPU.Build.0 = Debug|Any CPU
		{518DD445-F797-49EA-984E-9825C41E0959}.Debug|x64.ActiveCfg = Debug|Any CPU
		{518DD445-F797-49EA-984E-9825C41E0959}.Debug|x64.Build.0 = Debug|Any CPU
		{518DD445-F797-49EA-984E-9825C41E0959}.Debug|x86.ActiveCfg = Debug|Any CPU
		{518DD445-F797-49EA-984E-9825C41E0959}.Debug|x86.Build.0 = Debug|Any CPU
		{518DD445-F797-49EA-984E-9825C41E0959}.Release|Any CPU.ActiveCfg = Release|Any CPU
		{518DD445-F797-49EA-984E-9825C41E0959}.Release|Any CPU.Build.0 = Release|Any CPU
		{518DD445-F797-49EA-984E-9825C41E0959}.Release|x64.ActiveCfg = Release|Any CPU
		{518DD445-F797-49EA-984E-9825C41E0959}.Release|x64.Build.0 = Release|Any CPU
		{518DD445-F797-49EA-984E-9825C41E0959}.Release|x86.ActiveCfg = Release|Any CPU
		{518DD445-F797-49EA-984E-9825C41E0959}.Release|x86.Build.0 = Release|Any CPU
	EndGlobalSection
	GlobalSection(SolutionProperties) = preSolution
		HideSolutionNode = FALSE
	EndGlobalSection
	GlobalSection(NestedProjects) = preSolution
		{7DCDB095-EE86-4C57-A738-DD00D0CFB64E} = {827E0CD3-B72D-47B6-A68D-7590B98EB39B}
		{77A950E6-9640-4A97-9183-BAD931062E0E} = {827E0CD3-B72D-47B6-A68D-7590B98EB39B}
		{518DD445-F797-49EA-984E-9825C41E0959} = {827E0CD3-B72D-47B6-A68D-7590B98EB39B}
	EndGlobalSection
EndGlobal
